
Microsoft Visual Studio Solution File, Format Version 12.00
# Visual Studio Version 16
VisualStudioVersion = 16.0.30021.99
MinimumVisualStudioVersion = 10.0.40219.1
Project("{9A19103F-16F7-4668-BE54-9A1E7A4F7556}") = "LilysBlog", "LilysBlog\LilysBlog.csproj", "{5393A43E-B2F5-4692-9F1D-694F485FEFEB}"
EndProject
Project("{9A19103F-16F7-4668-BE54-9A1E7A4F7556}") = "LilysBlog.Prismic", "LilysBlog.Prismic\LilysBlog.Prismic.csproj", "{2BECB4C3-9FDA-4CA8-A300-D4D20334B7D1}"
EndProject
Global
	GlobalSection(SolutionConfigurationPlatforms) = preSolution
		Debug|Any CPU = Debug|Any CPU
		Release|Any CPU = Release|Any CPU
	EndGlobalSection
	GlobalSection(ProjectConfigurationPlatforms) = postSolution
		{5393A43E-B2F5-4692-9F1D-694F485FEFEB}.Debug|Any CPU.ActiveCfg = Debug|Any CPU
		{5393A43E-B2F5-4692-9F1D-694F485FEFEB}.Debug|Any CPU.Build.0 = Debug|Any CPU
		{5393A43E-B2F5-4692-9F1D-694F485FEFEB}.Release|Any CPU.ActiveCfg = Release|Any CPU
		{5393A43E-B2F5-4692-9F1D-694F485FEFEB}.Release|Any CPU.Build.0 = Release|Any CPU
		{2BECB4C3-9FDA-4CA8-A300-D4D20334B7D1}.Debug|Any CPU.ActiveCfg = Debug|Any CPU
		{2BECB4C3-9FDA-4CA8-A300-D4D20334B7D1}.Debug|Any CPU.Build.0 = Debug|Any CPU
		{2BECB4C3-9FDA-4CA8-A300-D4D20334B7D1}.Release|Any CPU.ActiveCfg = Release|Any CPU
		{2BECB4C3-9FDA-4CA8-A300-D4D20334B7D1}.Release|Any CPU.Build.0 = Release|Any CPU
		{D952F249-33CE-4A07-BD96-08A78B25BEFC}.Debug|Any CPU.ActiveCfg = Debug|Any CPU
		{D952F249-33CE-4A07-BD96-08A78B25BEFC}.Debug|Any CPU.Build.0 = Debug|Any CPU
		{D952F249-33CE-4A07-BD96-08A78B25BEFC}.Release|Any CPU.ActiveCfg = Release|Any CPU
		{D952F249-33CE-4A07-BD96-08A78B25BEFC}.Release|Any CPU.Build.0 = Release|Any CPU
	EndGlobalSection
	GlobalSection(SolutionProperties) = preSolution
		HideSolutionNode = FALSE
	EndGlobalSection
	GlobalSection(ExtensibilityGlobals) = postSolution
		SolutionGuid = {2D7E438B-CC8F-4F46-AD19-FCDCAC4E3797}
	EndGlobalSection
EndGlobal
